
Microsoft Visual Studio Solution File, Format Version 12.00
# Visual Studio 15
VisualStudioVersion = 15.0.27703.2035
MinimumVisualStudioVersion = 10.0.40219.1
Project("{FAE04EC0-301F-11D3-BF4B-00C04F79EFBC}") = "CoreSync", "CoreSync\CoreSync.csproj", "{797E3CF9-A58D-4353-AD41-879950540CCE}"
EndProject
Project("{FAE04EC0-301F-11D3-BF4B-00C04F79EFBC}") = "CoreSync.SqlServer", "CoreSync.SqlServer\CoreSync.SqlServer.csproj", "{DC2D2BF3-F301-43B6-8E31-E32FB369495F}"
EndProject
Project("{FAE04EC0-301F-11D3-BF4B-00C04F79EFBC}") = "CoreSync.Tests", "CoreSync.Tests\CoreSync.Tests.csproj", "{5F67292A-49D7-4E98-BE8E-B713FABA70B9}"
EndProject
Global
	GlobalSection(SolutionConfigurationPlatforms) = preSolution
		Debug|Any CPU = Debug|Any CPU
		Release|Any CPU = Release|Any CPU
	EndGlobalSection
	GlobalSection(ProjectConfigurationPlatforms) = postSolution
		{797E3CF9-A58D-4353-AD41-879950540CCE}.Debug|Any CPU.ActiveCfg = Debug|Any CPU
		{797E3CF9-A58D-4353-AD41-879950540CCE}.Debug|Any CPU.Build.0 = Debug|Any CPU
		{797E3CF9-A58D-4353-AD41-879950540CCE}.Release|Any CPU.ActiveCfg = Release|Any CPU
		{797E3CF9-A58D-4353-AD41-879950540CCE}.Release|Any CPU.Build.0 = Release|Any CPU
		{DC2D2BF3-F301-43B6-8E31-E32FB369495F}.Debug|Any CPU.ActiveCfg = Debug|Any CPU
		{DC2D2BF3-F301-43B6-8E31-E32FB369495F}.Debug|Any CPU.Build.0 = Debug|Any CPU
		{DC2D2BF3-F301-43B6-8E31-E32FB369495F}.Release|Any CPU.ActiveCfg = Release|Any CPU
		{DC2D2BF3-F301-43B6-8E31-E32FB369495F}.Release|Any CPU.Build.0 = Release|Any CPU
		{5F67292A-49D7-4E98-BE8E-B713FABA70B9}.Debug|Any CPU.ActiveCfg = Debug|Any CPU
		{5F67292A-49D7-4E98-BE8E-B713FABA70B9}.Debug|Any CPU.Build.0 = Debug|Any CPU
		{5F67292A-49D7-4E98-BE8E-B713FABA70B9}.Release|Any CPU.ActiveCfg = Release|Any CPU
		{5F67292A-49D7-4E98-BE8E-B713FABA70B9}.Release|Any CPU.Build.0 = Release|Any CPU
	EndGlobalSection
	GlobalSection(SolutionProperties) = preSolution
		HideSolutionNode = FALSE
	EndGlobalSection
	GlobalSection(ExtensibilityGlobals) = postSolution
		SolutionGuid = {86CBEE1E-20BA-4BB9-95CB-1C16BC526D73}
	EndGlobalSection
EndGlobal
