
Microsoft Visual Studio Solution File, Format Version 12.00
# Visual Studio Version 17
VisualStudioVersion = 17.10.34707.107
MinimumVisualStudioVersion = 10.0.40219.1
Project("{9A19103F-16F7-4668-BE54-9A1E7A4F7556}") = "CoreSync", "CoreSync\CoreSync.csproj", "{797E3CF9-A58D-4353-AD41-879950540CCE}"
EndProject
Project("{9A19103F-16F7-4668-BE54-9A1E7A4F7556}") = "CoreSync.SqlServer", "CoreSync.SqlServer\CoreSync.SqlServer.csproj", "{DC2D2BF3-F301-43B6-8E31-E32FB369495F}"
EndProject
Project("{9A19103F-16F7-4668-BE54-9A1E7A4F7556}") = "CoreSync.Tests", "CoreSync.Tests\CoreSync.Tests.csproj", "{5F67292A-49D7-4E98-BE8E-B713FABA70B9}"
EndProject
Project("{9A19103F-16F7-4668-BE54-9A1E7A4F7556}") = "CoreSync.Sqlite", "CoreSync.Sqlite\CoreSync.Sqlite.csproj", "{38D660AD-1E09-48CC-9A90-F4461C18539D}"
EndProject
Project("{FAE04EC0-301F-11D3-BF4B-00C04F79EFBC}") = "CoreSync.Http", "CoreSync.Http\CoreSync.Http.csproj", "{A5A24EF6-F094-4CBC-9EEB-87AD09F84DDE}"
EndProject
Project("{FAE04EC0-301F-11D3-BF4B-00C04F79EFBC}") = "CoreSync.Http.Server", "CoreSync.Http.Server\CoreSync.Http.Server.csproj", "{797E46AA-889C-4EE6-89AC-AAFA02F2A5F5}"
EndProject
Project("{FAE04EC0-301F-11D3-BF4B-00C04F79EFBC}") = "CoreSync.Http.Client", "CoreSync.Http.Client\CoreSync.Http.Client.csproj", "{001C9282-22E3-4295-AA84-CF3F655433C7}"
EndProject
Project("{FAE04EC0-301F-11D3-BF4B-00C04F79EFBC}") = "CoreSync.PostgreSQL", "CoreSync.PostgreSQL\CoreSync.PostgreSQL.csproj", "{263ABA9F-7FE6-4874-A90A-8C67A0AD68BE}"
EndProject
Global
	GlobalSection(SolutionConfigurationPlatforms) = preSolution
		Debug|Any CPU = Debug|Any CPU
		Debug|x64 = Debug|x64
		Debug|x86 = Debug|x86
		Release|Any CPU = Release|Any CPU
		Release|x64 = Release|x64
		Release|x86 = Release|x86
	EndGlobalSection
	GlobalSection(ProjectConfigurationPlatforms) = postSolution
		{797E3CF9-A58D-4353-AD41-879950540CCE}.Debug|Any CPU.ActiveCfg = Debug|Any CPU
		{797E3CF9-A58D-4353-AD41-879950540CCE}.Debug|Any CPU.Build.0 = Debug|Any CPU
		{797E3CF9-A58D-4353-AD41-879950540CCE}.Debug|x64.ActiveCfg = Debug|Any CPU
		{797E3CF9-A58D-4353-AD41-879950540CCE}.Debug|x64.Build.0 = Debug|Any CPU
		{797E3CF9-A58D-4353-AD41-879950540CCE}.Debug|x86.ActiveCfg = Debug|Any CPU
		{797E3CF9-A58D-4353-AD41-879950540CCE}.Debug|x86.Build.0 = Debug|Any CPU
		{797E3CF9-A58D-4353-AD41-879950540CCE}.Release|Any CPU.ActiveCfg = Release|Any CPU
		{797E3CF9-A58D-4353-AD41-879950540CCE}.Release|Any CPU.Build.0 = Release|Any CPU
		{797E3CF9-A58D-4353-AD41-879950540CCE}.Release|x64.ActiveCfg = Release|Any CPU
		{797E3CF9-A58D-4353-AD41-879950540CCE}.Release|x64.Build.0 = Release|Any CPU
		{797E3CF9-A58D-4353-AD41-879950540CCE}.Release|x86.ActiveCfg = Release|Any CPU
		{797E3CF9-A58D-4353-AD41-879950540CCE}.Release|x86.Build.0 = Release|Any CPU
		{DC2D2BF3-F301-43B6-8E31-E32FB369495F}.Debug|Any CPU.ActiveCfg = Debug|Any CPU
		{DC2D2BF3-F301-43B6-8E31-E32FB369495F}.Debug|Any CPU.Build.0 = Debug|Any CPU
		{DC2D2BF3-F301-43B6-8E31-E32FB369495F}.Debug|x64.ActiveCfg = Debug|Any CPU
		{DC2D2BF3-F301-43B6-8E31-E32FB369495F}.Debug|x64.Build.0 = Debug|Any CPU
		{DC2D2BF3-F301-43B6-8E31-E32FB369495F}.Debug|x86.ActiveCfg = Debug|Any CPU
		{DC2D2BF3-F301-43B6-8E31-E32FB369495F}.Debug|x86.Build.0 = Debug|Any CPU
		{DC2D2BF3-F301-43B6-8E31-E32FB369495F}.Release|Any CPU.ActiveCfg = Release|Any CPU
		{DC2D2BF3-F301-43B6-8E31-E32FB369495F}.Release|Any CPU.Build.0 = Release|Any CPU
		{DC2D2BF3-F301-43B6-8E31-E32FB369495F}.Release|x64.ActiveCfg = Release|Any CPU
		{DC2D2BF3-F301-43B6-8E31-E32FB369495F}.Release|x64.Build.0 = Release|Any CPU
		{DC2D2BF3-F301-43B6-8E31-E32FB369495F}.Release|x86.ActiveCfg = Release|Any CPU
		{DC2D2BF3-F301-43B6-8E31-E32FB369495F}.Release|x86.Build.0 = Release|Any CPU
		{5F67292A-49D7-4E98-BE8E-B713FABA70B9}.Debug|Any CPU.ActiveCfg = Debug|Any CPU
		{5F67292A-49D7-4E98-BE8E-B713FABA70B9}.Debug|Any CPU.Build.0 = Debug|Any CPU
		{5F67292A-49D7-4E98-BE8E-B713FABA70B9}.Debug|x64.ActiveCfg = Debug|Any CPU
		{5F67292A-49D7-4E98-BE8E-B713FABA70B9}.Debug|x64.Build.0 = Debug|Any CPU
		{5F67292A-49D7-4E98-BE8E-B713FABA70B9}.Debug|x86.ActiveCfg = Debug|Any CPU
		{5F67292A-49D7-4E98-BE8E-B713FABA70B9}.Debug|x86.Build.0 = Debug|Any CPU
		{5F67292A-49D7-4E98-BE8E-B713FABA70B9}.Release|Any CPU.ActiveCfg = Release|Any CPU
		{5F67292A-49D7-4E98-BE8E-B713FABA70B9}.Release|Any CPU.Build.0 = Release|Any CPU
		{5F67292A-49D7-4E98-BE8E-B713FABA70B9}.Release|x64.ActiveCfg = Release|Any CPU
		{5F67292A-49D7-4E98-BE8E-B713FABA70B9}.Release|x64.Build.0 = Release|Any CPU
		{5F67292A-49D7-4E98-BE8E-B713FABA70B9}.Release|x86.ActiveCfg = Release|Any CPU
		{5F67292A-49D7-4E98-BE8E-B713FABA70B9}.Release|x86.Build.0 = Release|Any CPU
		{38D660AD-1E09-48CC-9A90-F4461C18539D}.Debug|Any CPU.ActiveCfg = Debug|Any CPU
		{38D660AD-1E09-48CC-9A90-F4461C18539D}.Debug|Any CPU.Build.0 = Debug|Any CPU
		{38D660AD-1E09-48CC-9A90-F4461C18539D}.Debug|x64.ActiveCfg = Debug|Any CPU
		{38D660AD-1E09-48CC-9A90-F4461C18539D}.Debug|x64.Build.0 = Debug|Any CPU
		{38D660AD-1E09-48CC-9A90-F4461C18539D}.Debug|x86.ActiveCfg = Debug|Any CPU
		{38D660AD-1E09-48CC-9A90-F4461C18539D}.Debug|x86.Build.0 = Debug|Any CPU
		{38D660AD-1E09-48CC-9A90-F4461C18539D}.Release|Any CPU.ActiveCfg = Release|Any CPU
		{38D660AD-1E09-48CC-9A90-F4461C18539D}.Release|Any CPU.Build.0 = Release|Any CPU
		{38D660AD-1E09-48CC-9A90-F4461C18539D}.Release|x64.ActiveCfg = Release|Any CPU
		{38D660AD-1E09-48CC-9A90-F4461C18539D}.Release|x64.Build.0 = Release|Any CPU
		{38D660AD-1E09-48CC-9A90-F4461C18539D}.Release|x86.ActiveCfg = Release|Any CPU
		{38D660AD-1E09-48CC-9A90-F4461C18539D}.Release|x86.Build.0 = Release|Any CPU
		{A5A24EF6-F094-4CBC-9EEB-87AD09F84DDE}.Debug|Any CPU.ActiveCfg = Debug|Any CPU
		{A5A24EF6-F094-4CBC-9EEB-87AD09F84DDE}.Debug|Any CPU.Build.0 = Debug|Any CPU
		{A5A24EF6-F094-4CBC-9EEB-87AD09F84DDE}.Debug|x64.ActiveCfg = Debug|Any CPU
		{A5A24EF6-F094-4CBC-9EEB-87AD09F84DDE}.Debug|x64.Build.0 = Debug|Any CPU
		{A5A24EF6-F094-4CBC-9EEB-87AD09F84DDE}.Debug|x86.ActiveCfg = Debug|Any CPU
		{A5A24EF6-F094-4CBC-9EEB-87AD09F84DDE}.Debug|x86.Build.0 = Debug|Any CPU
		{A5A24EF6-F094-4CBC-9EEB-87AD09F84DDE}.Release|Any CPU.ActiveCfg = Release|Any CPU
		{A5A24EF6-F094-4CBC-9EEB-87AD09F84DDE}.Release|Any CPU.Build.0 = Release|Any CPU
		{A5A24EF6-F094-4CBC-9EEB-87AD09F84DDE}.Release|x64.ActiveCfg = Release|Any CPU
		{A5A24EF6-F094-4CBC-9EEB-87AD09F84DDE}.Release|x64.Build.0 = Release|Any CPU
		{A5A24EF6-F094-4CBC-9EEB-87AD09F84DDE}.Release|x86.ActiveCfg = Release|Any CPU
		{A5A24EF6-F094-4CBC-9EEB-87AD09F84DDE}.Release|x86.Build.0 = Release|Any CPU
		{797E46AA-889C-4EE6-89AC-AAFA02F2A5F5}.Debug|Any CPU.ActiveCfg = Debug|Any CPU
		{797E46AA-889C-4EE6-89AC-AAFA02F2A5F5}.Debug|Any CPU.Build.0 = Debug|Any CPU
		{797E46AA-889C-4EE6-89AC-AAFA02F2A5F5}.Debug|x64.ActiveCfg = Debug|Any CPU
		{797E46AA-889C-4EE6-89AC-AAFA02F2A5F5}.Debug|x64.Build.0 = Debug|Any CPU
		{797E46AA-889C-4EE6-89AC-AAFA02F2A5F5}.Debug|x86.ActiveCfg = Debug|Any CPU
		{797E46AA-889C-4EE6-89AC-AAFA02F2A5F5}.Debug|x86.Build.0 = Debug|Any CPU
		{797E46AA-889C-4EE6-89AC-AAFA02F2A5F5}.Release|Any CPU.ActiveCfg = Release|Any CPU
		{797E46AA-889C-4EE6-89AC-AAFA02F2A5F5}.Release|Any CPU.Build.0 = Release|Any CPU
		{797E46AA-889C-4EE6-89AC-AAFA02F2A5F5}.Release|x64.ActiveCfg = Release|Any CPU
		{797E46AA-889C-4EE6-89AC-AAFA02F2A5F5}.Release|x64.Build.0 = Release|Any CPU
		{797E46AA-889C-4EE6-89AC-AAFA02F2A5F5}.Release|x86.ActiveCfg = Release|Any CPU
		{797E46AA-889C-4EE6-89AC-AAFA02F2A5F5}.Release|x86.Build.0 = Release|Any CPU
		{001C9282-22E3-4295-AA84-CF3F655433C7}.Debug|Any CPU.ActiveCfg = Debug|Any CPU
		{001C9282-22E3-4295-AA84-CF3F655433C7}.Debug|Any CPU.Build.0 = Debug|Any CPU
		{001C9282-22E3-4295-AA84-CF3F655433C7}.Debug|x64.ActiveCfg = Debug|Any CPU
		{001C9282-22E3-4295-AA84-CF3F655433C7}.Debug|x64.Build.0 = Debug|Any CPU
		{001C9282-22E3-4295-AA84-CF3F655433C7}.Debug|x86.ActiveCfg = Debug|Any CPU
		{001C9282-22E3-4295-AA84-CF3F655433C7}.Debug|x86.Build.0 = Debug|Any CPU
		{001C9282-22E3-4295-AA84-CF3F655433C7}.Release|Any CPU.ActiveCfg = Release|Any CPU
		{001C9282-22E3-4295-AA84-CF3F655433C7}.Release|Any CPU.Build.0 = Release|Any CPU
		{001C9282-22E3-4295-AA84-CF3F655433C7}.Release|x64.ActiveCfg = Release|Any CPU
		{001C9282-22E3-4295-AA84-CF3F655433C7}.Release|x64.Build.0 = Release|Any CPU
		{001C9282-22E3-4295-AA84-CF3F655433C7}.Release|x86.ActiveCfg = Release|Any CPU
		{001C9282-22E3-4295-AA84-CF3F655433C7}.Release|x86.Build.0 = Release|Any CPU
		{263ABA9F-7FE6-4874-A90A-8C67A0AD68BE}.Debug|Any CPU.ActiveCfg = Debug|Any CPU
		{263ABA9F-7FE6-4874-A90A-8C67A0AD68BE}.Debug|Any CPU.Build.0 = Debug|Any CPU
		{263ABA9F-7FE6-4874-A90A-8C67A0AD68BE}.Debug|x64.ActiveCfg = Debug|Any CPU
		{263ABA9F-7FE6-4874-A90A-8C67A0AD68BE}.Debug|x64.Build.0 = Debug|Any CPU
		{263ABA9F-7FE6-4874-A90A-8C67A0AD68BE}.Debug|x86.ActiveCfg = Debug|Any CPU
		{263ABA9F-7FE6-4874-A90A-8C67A0AD68BE}.Debug|x86.Build.0 = Debug|Any CPU
		{263ABA9F-7FE6-4874-A90A-8C67A0AD68BE}.Release|Any CPU.ActiveCfg = Release|Any CPU
		{263ABA9F-7FE6-4874-A90A-8C67A0AD68BE}.Release|Any CPU.Build.0 = Release|Any CPU
		{263ABA9F-7FE6-4874-A90A-8C67A0AD68BE}.Release|x64.ActiveCfg = Release|Any CPU
		{263ABA9F-7FE6-4874-A90A-8C67A0AD68BE}.Release|x64.Build.0 = Release|Any CPU
		{263ABA9F-7FE6-4874-A90A-8C67A0AD68BE}.Release|x86.ActiveCfg = Release|Any CPU
		{263ABA9F-7FE6-4874-A90A-8C67A0AD68BE}.Release|x86.Build.0 = Release|Any CPU
	EndGlobalSection
	GlobalSection(SolutionProperties) = preSolution
		HideSolutionNode = FALSE
	EndGlobalSection
	GlobalSection(ExtensibilityGlobals) = postSolution
		SolutionGuid = {86CBEE1E-20BA-4BB9-95CB-1C16BC526D73}
	EndGlobalSection
EndGlobal
